<?xml version="1.0" encoding="utf-8"?>
<Project ToolsVersion="4.0" xmlns="http://schemas.microsoft.com/developer/msbuild/2003">
  <ItemGroup>
    <Filter Include="Source Files">
      <UniqueIdentifier>{4FC737F1-C7A5-4376-A066-2A32D752A2FF}</UniqueIdentifier>
      <Extensions>cpp;c;cc;cxx;def;odl;idl;hpj;bat;asm;asmx</Extensions>
    </Filter>
    <Filter Include="Header Files">
      <UniqueIdentifier>{93995380-89BD-4b04-88EB-625FBE52EBFB}</UniqueIdentifier>
      <Extensions>h;hh;hpp;hxx;hm;inl;inc;xsd</Extensions>
    </Filter>
    <Filter Include="Resource Files">
      <UniqueIdentifier>{D9D6E242-F8AF-46E4-B9FD-80ECBC20BA3E}</UniqueIdentifier>
      <Extensions>qrc;*</Extensions>
      <ParseFiles>false</ParseFiles>
    </Filter>
    <Filter Include="Form Files">
      <UniqueIdentifier>{99349809-55BA-4b9d-BF79-8FDBB0286EB3}</UniqueIdentifier>
      <Extensions>ui</Extensions>
    </Filter>
    <Filter Include="Resource Files">
      <UniqueIdentifier>{D9D6E242-F8AF-46E4-B9FD-80ECBC20BA3E}</UniqueIdentifier>
      <Extensions>qrc;*</Extensions>
      <ParseFiles>false</ParseFiles>
    </Filter>
    <Filter Include="Generated Files">
      <UniqueIdentifier>{71ED8ED8-ACB9-4CE9-BBE1-E00B30144E11}</UniqueIdentifier>
      <Extensions>moc;h;cpp</Extensions>
      <SourceControlFiles>False</SourceControlFiles>
    </Filter>
  </ItemGroup>
  <ItemGroup>
    <ClCompile Include="main.cpp">
      <Filter>Source Files</Filter>
    </ClCompile>
    <ClCompile Include="ImageProcessFactory.cpp">
      <Filter>Source Files</Filter>
    </ClCompile>
    <ClCompile Include="ipf\ipfapplication.cpp">
      <Filter>Source Files</Filter>
    </ClCompile>
    <ClCompile Include="ipf\Graphics\ipfGraphicsScene.cpp">
      <Filter>Source Files</Filter>
    </ClCompile>
    <ClCompile Include="ipf\Graphics\ipfGraphicsView.cpp">
      <Filter>Source Files</Filter>
    </ClCompile>
    <ClCompile Include="ipf\Graphics\ipfModelerArrowItem.cpp">
      <Filter>Source Files</Filter>
    </ClCompile>
    <ClCompile Include="ipf\Graphics\ipfModelerGraphicItem.cpp">
      <Filter>Source Files</Filter>
    </ClCompile>
    <ClCompile Include="ipf\Process\ipfModelerProcessBase.cpp">
      <Filter>Source Files</Filter>
    </ClCompile>
    <ClCompile Include="ipf\Process\ipfModelerProcessIn.cpp">
      <Filter>Source Files</Filter>
    </ClCompile>
    <ClCompile Include="ipf\Process\ipfModelerProcessOut.cpp">
      <Filter>Source Files</Filter>
    </ClCompile>
    <ClCompile Include="ipf\Process\ipfModelerProcessChild.cpp">
      <Filter>Source Files</Filter>
    </ClCompile>
    <ClCompile Include="ipf\Process\ipfFlowManage.cpp">
      <Filter>Source Files</Filter>
    </ClCompile>
    <ClCompile Include="ipf\gdal\ipfgdalprogresstools.cpp">
      <Filter>Source Files</Filter>
    </ClCompile>
    <ClCompile Include="ipf\Process\ipfModelerProcessChildTypeConvert.cpp">
      <Filter>Source Files</Filter>
    </ClCompile>
    <ClCompile Include="ui\ipfModelerTypeConvertDialog.cpp">
      <Filter>Source Files</Filter>
    </ClCompile>
    <ClCompile Include="ui\ipfModelerInDialog.cpp">
      <Filter>Source Files</Filter>
    </ClCompile>
    <ClCompile Include="ui\ipfModelerOutDialog.cpp">
      <Filter>Source Files</Filter>
    </ClCompile>
    <ClCompile Include="ui\ipfProgress.cpp">
      <Filter>Source Files</Filter>
    </ClCompile>
    <ClCompile Include="ipf\Process\ipfModelerProcessChildFracClip.cpp">
      <Filter>Source Files</Filter>
    </ClCompile>
    <ClCompile Include="ui\ipfModelerFracClipDialog.cpp">
      <Filter>Source Files</Filter>
    </ClCompile>
    <ClCompile Include="ipf\ipfProjectionTransformation.cpp">
      <Filter>Source Files</Filter>
    </ClCompile>
    <ClCompile Include="ipf\ipfFractalmanagement.cpp">
      <Filter>Source Files</Filter>
    </ClCompile>
    <ClCompile Include="ipf\ipfOgr.cpp">
      <Filter>Source Files</Filter>
    </ClCompile>
    <ClCompile Include="ipf\Process\ipfModelerProcessChildQuickView.cpp">
      <Filter>Source Files</Filter>
    </ClCompile>
    <ClCompile Include="ui\ipfModelerQuickViewDialog.cpp">
      <Filter>Source Files</Filter>
    </ClCompile>
    <ClCompile Include="ipf\Process\ipfModelerProcessChildResample.cpp">
      <Filter>Source Files</Filter>
    </ClCompile>
    <ClCompile Include="ui\ipfModelerResampleDialog.cpp">
      <Filter>Source Files</Filter>
    </ClCompile>
    <ClCompile Include="ipf\Process\ipfModelerProcessChildMosaic.cpp">
      <Filter>Source Files</Filter>
    </ClCompile>
    <ClCompile Include="ipf\Process\ipfModelerProcessChildTransform.cpp">
      <Filter>Source Files</Filter>
    </ClCompile>
    <ClCompile Include="ui\ipfModelerTransformDialog.cpp">
      <Filter>Source Files</Filter>
    </ClCompile>
    <ClCompile Include="ui\ipfModelerMosaicDialog.cpp">
      <Filter>Source Files</Filter>
    </ClCompile>
    <ClCompile Include="ui\ipfTextInfoDialog.cpp">
      <Filter>Source Files</Filter>
    </ClCompile>
    <ClCompile Include="ui\ipfModelerClipVectorDialog.cpp">
      <Filter>Source Files</Filter>
    </ClCompile>
    <ClCompile Include="ipf\Process\ipfModelerProcessChildClipVector.cpp">
      <Filter>Source Files</Filter>
    </ClCompile>
    <ClCompile Include="ipf\Process\ipfModelerProcessChildPixelDecimals.cpp">
      <Filter>Source Files</Filter>
    </ClCompile>
    <ClCompile Include="ui\ipfModelerPixelDecimalsDialog.cpp">
      <Filter>Source Files</Filter>
    </ClCompile>
    <ClCompile Include="ipf\gdal\ipfExcel.cpp">
      <Filter>Source Files</Filter>
    </ClCompile>
    <ClCompile Include="ipf\Process\ipfModelerProcessChildCreateMetadata.cpp">
      <Filter>Source Files</Filter>
    </ClCompile>
    <ClCompile Include="ui\ipfModelerCreateMetadataDialog.cpp">
      <Filter>Source Files</Filter>
    </ClCompile>
    <ClCompile Include="ui\ipfSelectModelerDialog.cpp">
      <Filter>Source Files</Filter>
    </ClCompile>
    <ClCompile Include="ipf\gdal\ipfPushButton.cpp">
      <Filter>Source Files</Filter>
    </ClCompile>
    <ClCompile Include="ui\ipfAboutDialog.cpp">
      <Filter>Source Files</Filter>
    </ClCompile>
    <ClCompile Include="ipf\Process\ipfModelerProcessChildCreateTfw.cpp">
      <Filter>Source Files</Filter>
    </ClCompile>
    <ClCompile Include="ipf\Process\ipfModelerProcessChildbuildOverviews.cpp">
      <Filter>Source Files</Filter>
    </ClCompile>
    <ClCompile Include="ipf\Process\ipfModelerProcessChildProcessRasterRectPosition.cpp">
      <Filter>Source Files</Filter>
    </ClCompile>
    <ClCompile Include="ipf\Process\ipfModelerProcessChildDifferenceCheck.cpp">
      <Filter>Source Files</Filter>
    </ClCompile>
    <ClCompile Include="ipf\Process\ipfModelerProcessChildFracExtentCheck.cpp">
      <Filter>Source Files</Filter>
    </ClCompile>
    <ClCompile Include="ui\ipfModelerFracExtentCheckDialog.cpp">
      <Filter>Source Files</Filter>
    </ClCompile>
    <ClCompile Include="ipf\Process\ipfModelerProcessChildPixelMoidfyValue.cpp">
      <Filter>Source Files</Filter>
    </ClCompile>
    <ClCompile Include="ui\ipfModelerPixelMoidfyValueDialog.cpp">
      <Filter>Source Files</Filter>
    </ClCompile>
    <ClCompile Include="ipf\Process\ipfModelerProcessChildWaterFlatten.cpp">
      <Filter>Source Files</Filter>
    </ClCompile>
    <ClCompile Include="ui\ipfModelerWaterFlattenDialog.cpp">
      <Filter>Source Files</Filter>
    </ClCompile>
    <ClCompile Include="ipf\Process\ipfModelerProcessChildProjectionCheck.cpp">
      <Filter>Source Files</Filter>
    </ClCompile>
    <ClCompile Include="ui\ipfModelerProjectionCheckDialog.cpp">
      <Filter>Source Files</Filter>
    </ClCompile>
    <ClCompile Include="ipf\Process\ipfModelerProcessChildZCheck.cpp">
      <Filter>Source Files</Filter>
    </ClCompile>
    <ClCompile Include="ui\ipfModelerZCheckDialog.cpp">
      <Filter>Source Files</Filter>
    </ClCompile>
    <ClCompile Include="ipf\Process\ipfModelerProcessChildRasterInfoPrint.cpp">
      <Filter>Source Files</Filter>
    </ClCompile>
    <ClCompile Include="ui\ipfModelerRasterInfoPrintDialog.cpp">
      <Filter>Source Files</Filter>
    </ClCompile>
    <ClCompile Include="ipf\Process\ipfModelerProcessChildSlopCalculation.cpp">
      <Filter>Source Files</Filter>
    </ClCompile>
    <ClCompile Include="ipf\Process\ipfModelerProcessChildInvalidValueCheck.cpp">
      <Filter>Source Files</Filter>
    </ClCompile>
    <ClCompile Include="ui\ipfModelerInvalidValueCheckDialog.cpp">
      <Filter>Source Files</Filter>
    </ClCompile>
    <ClCompile Include="ipf\Process\ipfModelerProcessChildDemGrossErrorCheck.cpp">
      <Filter>Source Files</Filter>
    </ClCompile>
    <ClCompile Include="ui\ipfModelerDemGrossErrorCheckDialog.cpp">
      <Filter>Source Files</Filter>
    </ClCompile>
    <ClCompile Include="ipf\Process\ipfModelerProcessChildVegeataionExtraction.cpp">
      <Filter>Source Files</Filter>
    </ClCompile>
    <ClCompile Include="ipf\Process\ipfModelerProcessChildConsistency.cpp">
      <Filter>Source Files</Filter>
    </ClCompile>
    <ClCompile Include="ui\ipfModelerVegeataionExtractionDialog.cpp">
      <Filter>Source Files</Filter>
    </ClCompile>
    <ClCompile Include="ipf\Process\ipfModelerProcessChildExtractRasterRange.cpp">
      <Filter>Source Files</Filter>
    </ClCompile>
    <ClCompile Include="ui\ipfModelerExtractRasterRangeDialog.cpp">
      <Filter>Source Files</Filter>
    </ClCompile>
    <ClCompile Include="ipf\Process\ipfModelerProcessChildWatersExtraction.cpp">
      <Filter>Source Files</Filter>
    </ClCompile>
    <ClCompile Include="ui\ipfModelerWatersExtractionDialog.cpp">
      <Filter>Source Files</Filter>
    </ClCompile>
    <ClCompile Include="ipf\Process\ipfModelerProcessChildSetNodata.cpp">
      <Filter>Source Files</Filter>
    </ClCompile>
    <ClCompile Include="ui\ipfModelerSetNodataDialog.cpp">
      <Filter>Source Files</Filter>
    </ClCompile>
    <ClCompile Include="ipf\Process\ipfModelerProcessChildDSMDEMDifferenceCheck.cpp">
      <Filter>Source Files</Filter>
    </ClCompile>
  </ItemGroup>
  <ItemGroup>
    <QtMoc Include="ImageProcessFactory.h">
      <Filter>Header Files</Filter>
    </QtMoc>
    <QtMoc Include="ipf\ipfapplication.h">
      <Filter>Header Files</Filter>
    </QtMoc>
    <QtMoc Include="ipf\Graphics\ipfGraphicsView.h">
      <Filter>Header Files</Filter>
    </QtMoc>
    <QtMoc Include="ipf\Process\ipfModelerProcessBase.h">
      <Filter>Header Files</Filter>
    </QtMoc>
    <QtMoc Include="ipf\Process\ipfFlowManage.h">
      <Filter>Header Files</Filter>
    </QtMoc>
    <QtMoc Include="ui\ipfModelerTypeConvertDialog.h">
      <Filter>Header Files</Filter>
    </QtMoc>
    <QtMoc Include="ui\ipfModelerInDialog.h">
      <Filter>Header Files</Filter>
    </QtMoc>
    <QtMoc Include="ui\ipfModelerOutDialog.h">
      <Filter>Header Files</Filter>
    </QtMoc>
    <QtMoc Include="ui\ipfProgress.h">
      <Filter>Header Files</Filter>
    </QtMoc>
    <QtMoc Include="ui\ipfModelerFracClipDialog.h">
      <Filter>Header Files</Filter>
    </QtMoc>
    <QtMoc Include="ipf\ipfFractalmanagement.h">
      <Filter>Header Files</Filter>
    </QtMoc>
    <QtMoc Include="ui\ipfModelerQuickViewDialog.h">
      <Filter>Header Files</Filter>
    </QtMoc>
    <QtMoc Include="ui\ipfModelerResampleDialog.h">
      <Filter>Header Files</Filter>
    </QtMoc>
    <QtMoc Include="ui\ipfModelerTransformDialog.h">
      <Filter>Header Files</Filter>
    </QtMoc>
    <QtMoc Include="ui\ipfModelerMosaicDialog.h">
      <Filter>Header Files</Filter>
    </QtMoc>
    <QtMoc Include="ui\ipfTextInfoDialog.h">
      <Filter>Header Files</Filter>
    </QtMoc>
    <QtMoc Include="ui\ipfModelerClipVectorDialog.h">
      <Filter>Header Files</Filter>
    </QtMoc>
    <QtMoc Include="ui\ipfModelerPixelDecimalsDialog.h">
      <Filter>Header Files</Filter>
    </QtMoc>
    <QtMoc Include="ipf\gdal\ipfExcel.h">
      <Filter>Header Files</Filter>
    </QtMoc>
    <QtMoc Include="ui\ipfModelerCreateMetadataDialog.h">
      <Filter>Header Files</Filter>
    </QtMoc>
    <QtMoc Include="ui\ipfSelectModelerDialog.h">
      <Filter>Header Files</Filter>
    </QtMoc>
    <QtMoc Include="ui\ipfAboutDialog.h">
      <Filter>Header Files</Filter>
    </QtMoc>
    <QtMoc Include="ui\ipfModelerFracExtentCheckDialog.h">
      <Filter>Header Files</Filter>
    </QtMoc>
    <QtMoc Include="ui\ipfModelerPixelMoidfyValueDialog.h">
      <Filter>Header Files</Filter>
    </QtMoc>
    <QtMoc Include="ui\ipfModelerWaterFlattenDialog.h">
      <Filter>Header Files</Filter>
    </QtMoc>
    <QtMoc Include="ui\ipfModelerProjectionCheckDialog.h">
      <Filter>Header Files</Filter>
    </QtMoc>
    <QtMoc Include="ui\ipfModelerZCheckDialog.h">
      <Filter>Header Files</Filter>
    </QtMoc>
    <QtMoc Include="ui\ipfModelerRasterInfoPrintDialog.h">
      <Filter>Header Files</Filter>
    </QtMoc>
    <QtMoc Include="ui\ipfModelerInvalidValueCheckDialog.h">
      <Filter>Header Files</Filter>
    </QtMoc>
    <QtMoc Include="ui\ipfModelerDemGrossErrorCheckDialog.h">
      <Filter>Header Files</Filter>
    </QtMoc>
    <QtMoc Include="ui\ipfModelerVegeataionExtractionDialog.h">
      <Filter>Header Files</Filter>
    </QtMoc>
    <QtMoc Include="ui\ipfModelerExtractRasterRangeDialog.h">
      <Filter>Header Files</Filter>
    </QtMoc>
    <QtMoc Include="ui\ipfModelerWatersExtractionDialog.h">
      <Filter>Header Files</Filter>
    </QtMoc>
    <QtMoc Include="ui\ipfModelerSetNodataDialog.h">
      <Filter>Header Files</Filter>
    </QtMoc>
  </ItemGroup>
  <ItemGroup>
    <QtUic Include="ImageProcessFactory.ui">
      <Filter>Form Files</Filter>
    </QtUic>
    <QtUic Include="ui\ipfModelerIn.ui">
      <Filter>Form Files</Filter>
    </QtUic>
    <QtUic Include="ui\ipfModelerOut.ui">
      <Filter>Form Files</Filter>
    </QtUic>
    <QtUic Include="ui\ipfModelerTypeConvertDialog.ui">
      <Filter>Form Files</Filter>
    </QtUic>
    <QtUic Include="ui\ipfProgress.ui">
      <Filter>Form Files</Filter>
    </QtUic>
    <QtUic Include="ui\ipfModelerFracClipDialog.ui">
      <Filter>Form Files</Filter>
    </QtUic>
    <QtUic Include="ui\ipfModelerQuickViewDialog.ui">
      <Filter>Form Files</Filter>
    </QtUic>
    <QtUic Include="ui\ipfModelerResampleDialog.ui">
      <Filter>Form Files</Filter>
    </QtUic>
    <QtUic Include="ui\ipfModelerTransformDialog.ui">
      <Filter>Form Files</Filter>
    </QtUic>
    <QtUic Include="ui\ipfModelerMosaicDialog.ui">
      <Filter>Form Files</Filter>
    </QtUic>
    <QtUic Include="ui\ipfTextInfoDialog.ui">
      <Filter>Form Files</Filter>
    </QtUic>
    <QtUic Include="ui\ipfModelerClipVectorDialog.ui">
      <Filter>Form Files</Filter>
    </QtUic>
    <QtUic Include="ui\ipfModelerPixelDecimalsDialog.ui">
      <Filter>Form Files</Filter>
    </QtUic>
    <QtUic Include="ui\ipfModelerCreateMetadataDialog.ui">
      <Filter>Form Files</Filter>
    </QtUic>
    <QtUic Include="ui\ipfSelectModelerDialog.ui">
      <Filter>Form Files</Filter>
    </QtUic>
    <QtUic Include="ui\ipfAboutDialog.ui">
      <Filter>Form Files</Filter>
    </QtUic>
    <QtUic Include="ui\ipfModelerFracExtentCheckDialog.ui">
      <Filter>Form Files</Filter>
    </QtUic>
    <QtUic Include="ui\ipfModelerPixelMoidfyValueDialog.ui">
      <Filter>Form Files</Filter>
    </QtUic>
    <QtUic Include="ui\ipfModelerWaterFlattenDialog.ui">
      <Filter>Form Files</Filter>
    </QtUic>
    <QtUic Include="ui\ipfModelerProjectionCheckDialog.ui">
      <Filter>Form Files</Filter>
    </QtUic>
    <QtUic Include="ui\ipfModelerZCheckDialog.ui">
      <Filter>Form Files</Filter>
    </QtUic>
    <QtUic Include="ui\ipfModelerRasterInfoPrintDialog.ui">
      <Filter>Form Files</Filter>
    </QtUic>
    <QtUic Include="ui\ipfModelerInvalidValueCheckDialog.ui">
      <Filter>Form Files</Filter>
    </QtUic>
    <QtUic Include="ui\ipfModelerDemGrossErrorCheckDialog.ui">
      <Filter>Form Files</Filter>
    </QtUic>
    <QtUic Include="ui\ipfModelerVegeataionExtractionDialog.ui">
      <Filter>Form Files</Filter>
    </QtUic>
    <QtUic Include="ui\ipfModelerExtractRasterRangeDialog.ui">
      <Filter>Form Files</Filter>
    </QtUic>
    <QtUic Include="ui\ipfModelerWatersExtractionDialog.ui">
      <Filter>Form Files</Filter>
    </QtUic>
    <QtUic Include="ui\ipfModelerSetNodataDialog.ui">
      <Filter>Form Files</Filter>
    </QtUic>
  </ItemGroup>
  <ItemGroup>
    <ClInclude Include="head.h">
      <Filter>Header Files</Filter>
    </ClInclude>
    <ClInclude Include="ipf\Graphics\ipfGraphicsScene.h">
      <Filter>Header Files</Filter>
    </ClInclude>
    <ClInclude Include="ipf\Graphics\ipfModelerArrowItem.h">
      <Filter>Header Files</Filter>
    </ClInclude>
    <ClInclude Include="ipf\Graphics\ipfModelerGraphicItem.h">
      <Filter>Header Files</Filter>
    </ClInclude>
    <ClInclude Include="ipf\Process\ipfModelerProcessIn.h">
      <Filter>Header Files</Filter>
    </ClInclude>
    <ClInclude Include="ipf\Process\ipfModelerProcessOut.h">
      <Filter>Header Files</Filter>
    </ClInclude>
    <ClInclude Include="ipf\Process\ipfModelerProcessChild.h">
      <Filter>Header Files</Filter>
    </ClInclude>
    <ClInclude Include="ipf\gdal\ipfgdalprogresstools.h">
      <Filter>Header Files</Filter>
    </ClInclude>
    <ClInclude Include="ipf\Process\ipfModelerProcessChildTypeConvert.h">
      <Filter>Header Files</Filter>
    </ClInclude>
    <ClInclude Include="ipf\Process\ipfModelerProcessChildFracClip.h">
      <Filter>Header Files</Filter>
    </ClInclude>
    <ClInclude Include="ipf\ipfProjectionTransformation.h">
      <Filter>Header Files</Filter>
    </ClInclude>
    <ClInclude Include="ipf\ipfOgr.h">
      <Filter>Header Files</Filter>
    </ClInclude>
    <ClInclude Include="ipf\Process\ipfModelerProcessChildQuickView.h">
      <Filter>Header Files</Filter>
    </ClInclude>
    <ClInclude Include="ipf\Process\ipfModelerProcessChildResample.h">
      <Filter>Header Files</Filter>
    </ClInclude>
    <ClInclude Include="ipf\Process\ipfModelerProcessChildMosaic.h">
      <Filter>Header Files</Filter>
    </ClInclude>
    <ClInclude Include="ipf\Process\ipfModelerProcessChildTransform.h">
      <Filter>Header Files</Filter>
    </ClInclude>
    <ClInclude Include="ipf\Process\ipfModelerProcessChildClipVector.h">
      <Filter>Header Files</Filter>
    </ClInclude>
    <ClInclude Include="ipf\Process\ipfModelerProcessChildPixelDecimals.h">
      <Filter>Header Files</Filter>
    </ClInclude>
    <ClInclude Include="ipf\Process\ipfModelerProcessChildCreateMetadata.h">
      <Filter>Header Files</Filter>
    </ClInclude>
    <ClInclude Include="ipf\gdal\ipfPushButton.h">
      <Filter>Header Files</Filter>
    </ClInclude>
    <ClInclude Include="ipf\Process\ipfModelerProcessChildCreateTfw.h">
      <Filter>Header Files</Filter>
    </ClInclude>
    <ClInclude Include="resource.h">
      <Filter>Header Files</Filter>
    </ClInclude>
    <ClInclude Include="resource1.h">
      <Filter>Header Files</Filter>
    </ClInclude>
    <ClInclude Include="ipf\Process\ipfModelerProcessChildbuildOverviews.h">
      <Filter>Header Files</Filter>
    </ClInclude>
    <ClInclude Include="ipf\Process\ipfModelerProcessChildProcessRasterRectPosition.h">
      <Filter>Header Files</Filter>
    </ClInclude>
    <ClInclude Include="ipf\Process\ipfModelerProcessChildDifferenceCheck.h">
      <Filter>Header Files</Filter>
    </ClInclude>
    <ClInclude Include="ipf\Process\ipfModelerProcessChildFracExtentCheck.h">
      <Filter>Header Files</Filter>
    </ClInclude>
    <ClInclude Include="ipf\Process\ipfModelerProcessChildPixelMoidfyValue.h">
      <Filter>Header Files</Filter>
    </ClInclude>
    <ClInclude Include="ipf\Process\ipfModelerProcessChildWaterFlatten.h">
      <Filter>Header Files</Filter>
    </ClInclude>
    <ClInclude Include="ipf\Process\ipfModelerProcessChildProjectionCheck.h">
      <Filter>Header Files</Filter>
    </ClInclude>
    <ClInclude Include="ipf\Process\ipfModelerProcessChildZCheck.h">
      <Filter>Header Files</Filter>
    </ClInclude>
    <ClInclude Include="ipf\Process\ipfModelerProcessChildRasterInfoPrint.h">
      <Filter>Header Files</Filter>
    </ClInclude>
    <ClInclude Include="ipf\Process\ipfModelerProcessChildSlopCalculation.h">
      <Filter>Header Files</Filter>
    </ClInclude>
    <ClInclude Include="ipf\Process\ipfModelerProcessChildInvalidValueCheck.h">
      <Filter>Header Files</Filter>
    </ClInclude>
    <ClInclude Include="ipf\Process\ipfModelerProcessChildDemGrossErrorCheck.h">
      <Filter>Header Files</Filter>
    </ClInclude>
    <ClInclude Include="ipf\Process\ipfModelerProcessChildVegeataionExtraction.h">
      <Filter>Header Files</Filter>
    </ClInclude>
    <ClInclude Include="ipf\Process\ipfModelerProcessChildConsistency.h">
      <Filter>Header Files</Filter>
    </ClInclude>
    <ClInclude Include="ipf\Process\ipfModelerProcessChildExtractRasterRange.h">
      <Filter>Header Files</Filter>
    </ClInclude>
    <ClInclude Include="ipf\Process\ipfModelerProcessChildWatersExtraction.h">
      <Filter>Header Files</Filter>
    </ClInclude>
    <ClInclude Include="ipf\Process\ipfModelerProcessChildSetNodata.h">
      <Filter>Header Files</Filter>
    </ClInclude>
    <ClInclude Include="ipf\Process\ipfModelerProcessChildDSMDEMDifferenceCheck.h">
      <Filter>Header Files</Filter>
    </ClInclude>
  </ItemGroup>
  <ItemGroup>
    <Image Include="resources\button\SplashScreen.jpg">
      <Filter>Resource Files</Filter>
    </Image>
    <Image Include="ImageProcessFactory.ico" />
  </ItemGroup>
  <ItemGroup>
    <QtRcc Include="resources\image.qrc">
      <Filter>Resource Files</Filter>
    </QtRcc>
  </ItemGroup>
  <ItemGroup>
    <ResourceCompile Include="ImageProcessFactory.rc" />
  </ItemGroup>
</Project>